
Microsoft Visual Studio Solution File, Format Version 12.00
# Visual Studio Version 17
VisualStudioVersion = 17.11.35327.3
MinimumVisualStudioVersion = 10.0.40219.1
Project("{FAE04EC0-301F-11D3-BF4B-00C04F79EFBC}") = "Decorator", "Decorator.csproj", "{687C41A4-6D28-455B-811F-1FC82A3CF481}"
EndProject
Global
	GlobalSection(SolutionConfigurationPlatforms) = preSolution
		Debug|Any CPU = Debug|Any CPU
		Release|Any CPU = Release|Any CPU
	EndGlobalSection
	GlobalSection(ProjectConfigurationPlatforms) = postSolution
		{687C41A4-6D28-455B-811F-1FC82A3CF481}.Debug|Any CPU.ActiveCfg = Debug|Any CPU
		{687C41A4-6D28-455B-811F-1FC82A3CF481}.Debug|Any CPU.Build.0 = Debug|Any CPU
		{687C41A4-6D28-455B-811F-1FC82A3CF481}.Release|Any CPU.ActiveCfg = Release|Any CPU
		{687C41A4-6D28-455B-811F-1FC82A3CF481}.Release|Any CPU.Build.0 = Release|Any CPU
	EndGlobalSection
	GlobalSection(SolutionProperties) = preSolution
		HideSolutionNode = FALSE
	EndGlobalSection
	GlobalSection(ExtensibilityGlobals) = postSolution
		SolutionGuid = {BF03763B-F39C-4D7B-BB7F-3A69994030BF}
	EndGlobalSection
EndGlobal
