
Microsoft Visual Studio Solution File, Format Version 12.00
# Visual Studio Version 17
VisualStudioVersion = 17.11.35327.3
MinimumVisualStudioVersion = 10.0.40219.1
Project("{FAE04EC0-301F-11D3-BF4B-00C04F79EFBC}") = "State", "State.csproj", "{4C817A7E-9FD0-4502-84BD-EE19FE951BDA}"
EndProject
Global
	GlobalSection(SolutionConfigurationPlatforms) = preSolution
		Debug|Any CPU = Debug|Any CPU
		Release|Any CPU = Release|Any CPU
	EndGlobalSection
	GlobalSection(ProjectConfigurationPlatforms) = postSolution
		{4C817A7E-9FD0-4502-84BD-EE19FE951BDA}.Debug|Any CPU.ActiveCfg = Debug|Any CPU
		{4C817A7E-9FD0-4502-84BD-EE19FE951BDA}.Debug|Any CPU.Build.0 = Debug|Any CPU
		{4C817A7E-9FD0-4502-84BD-EE19FE951BDA}.Release|Any CPU.ActiveCfg = Release|Any CPU
		{4C817A7E-9FD0-4502-84BD-EE19FE951BDA}.Release|Any CPU.Build.0 = Release|Any CPU
	EndGlobalSection
	GlobalSection(SolutionProperties) = preSolution
		HideSolutionNode = FALSE
	EndGlobalSection
	GlobalSection(ExtensibilityGlobals) = postSolution
		SolutionGuid = {083F407D-4D90-4AA2-9D5E-FE7CB6B36D52}
	EndGlobalSection
EndGlobal
