
Microsoft Visual Studio Solution File, Format Version 12.00
# Visual Studio Version 17
VisualStudioVersion = 17.12.35527.113 d17.12
MinimumVisualStudioVersion = 10.0.40219.1
Project("{FAE04EC0-301F-11D3-BF4B-00C04F79EFBC}") = "Template method", "Template method\Template method.csproj", "{A1BF509D-6B56-4DDC-ADB4-14467496D228}"
EndProject
Global
	GlobalSection(SolutionConfigurationPlatforms) = preSolution
		Debug|Any CPU = Debug|Any CPU
		Release|Any CPU = Release|Any CPU
	EndGlobalSection
	GlobalSection(ProjectConfigurationPlatforms) = postSolution
		{A1BF509D-6B56-4DDC-ADB4-14467496D228}.Debug|Any CPU.ActiveCfg = Debug|Any CPU
		{A1BF509D-6B56-4DDC-ADB4-14467496D228}.Debug|Any CPU.Build.0 = Debug|Any CPU
		{A1BF509D-6B56-4DDC-ADB4-14467496D228}.Release|Any CPU.ActiveCfg = Release|Any CPU
		{A1BF509D-6B56-4DDC-ADB4-14467496D228}.Release|Any CPU.Build.0 = Release|Any CPU
	EndGlobalSection
	GlobalSection(SolutionProperties) = preSolution
		HideSolutionNode = FALSE
	EndGlobalSection
EndGlobal
