
Microsoft Visual Studio Solution File, Format Version 12.00
# Visual Studio Version 17
VisualStudioVersion = 17.11.35327.3
MinimumVisualStudioVersion = 10.0.40219.1
Project("{FAE04EC0-301F-11D3-BF4B-00C04F79EFBC}") = "Iterator", "Iterator.csproj", "{06BD17F4-5302-4169-8825-99498FBB27ED}"
EndProject
Global
	GlobalSection(SolutionConfigurationPlatforms) = preSolution
		Debug|Any CPU = Debug|Any CPU
		Release|Any CPU = Release|Any CPU
	EndGlobalSection
	GlobalSection(ProjectConfigurationPlatforms) = postSolution
		{06BD17F4-5302-4169-8825-99498FBB27ED}.Debug|Any CPU.ActiveCfg = Debug|Any CPU
		{06BD17F4-5302-4169-8825-99498FBB27ED}.Debug|Any CPU.Build.0 = Debug|Any CPU
		{06BD17F4-5302-4169-8825-99498FBB27ED}.Release|Any CPU.ActiveCfg = Release|Any CPU
		{06BD17F4-5302-4169-8825-99498FBB27ED}.Release|Any CPU.Build.0 = Release|Any CPU
	EndGlobalSection
	GlobalSection(SolutionProperties) = preSolution
		HideSolutionNode = FALSE
	EndGlobalSection
	GlobalSection(ExtensibilityGlobals) = postSolution
		SolutionGuid = {344BBA8A-0398-44A2-94A3-616383C9951D}
	EndGlobalSection
EndGlobal
